
Microsoft Visual Studio Solution File, Format Version 12.00
# Visual Studio Version 17
VisualStudioVersion = 17.2.32616.157
MinimumVisualStudioVersion = 10.0.40219.1
Project("{FAE04EC0-301F-11D3-BF4B-00C04F79EFBC}") = "IDS.Tool4.Compute", "IDS.Tool4.Compute\IDS.Tool4.Compute.csproj", "{A345D226-2C78-40F0-BB98-4837998C8E3D}"
EndProject
Global
	GlobalSection(SolutionConfigurationPlatforms) = preSolution
		Debug|Any CPU = Debug|Any CPU
		Release|Any CPU = Release|Any CPU
	EndGlobalSection
	GlobalSection(ProjectConfigurationPlatforms) = postSolution
		{A345D226-2C78-40F0-BB98-4837998C8E3D}.Debug|Any CPU.ActiveCfg = Debug|Any CPU
		{A345D226-2C78-40F0-BB98-4837998C8E3D}.Debug|Any CPU.Build.0 = Debug|Any CPU
		{A345D226-2C78-40F0-BB98-4837998C8E3D}.Release|Any CPU.ActiveCfg = Release|Any CPU
		{A345D226-2C78-40F0-BB98-4837998C8E3D}.Release|Any CPU.Build.0 = Release|Any CPU
	EndGlobalSection
	GlobalSection(SolutionProperties) = preSolution
		HideSolutionNode = FALSE
	EndGlobalSection
	GlobalSection(ExtensibilityGlobals) = postSolution
		SolutionGuid = {ECBC40E7-FED4-4E67-88AE-E4D5B0C61891}
	EndGlobalSection
EndGlobal
